
Microsoft Visual Studio Solution File, Format Version 12.00
# Visual Studio Version 16
VisualStudioVersion = 16.0.32228.343
MinimumVisualStudioVersion = 10.0.40219.1
Project("{9A19103F-16F7-4668-BE54-9A1E7A4F7556}") = "DataAccess", "DataAccess\DataAccess.csproj", "{E86FBA7B-1587-4061-80B7-5C13592CFD9A}"
EndProject
Project("{9A19103F-16F7-4668-BE54-9A1E7A4F7556}") = "Business", "Business\Business.csproj", "{76DC02DC-2C98-4B8B-B837-48DEF2BF4119}"
EndProject
Project("{9A19103F-16F7-4668-BE54-9A1E7A4F7556}") = "Entities", "Entities\Entities.csproj", "{36FC2882-AB59-4C09-A631-4037822A81F7}"
EndProject
Project("{9A19103F-16F7-4668-BE54-9A1E7A4F7556}") = "ConsoleUI", "ConsoleUI\ConsoleUI.csproj", "{38D246F5-4328-45C2-9C1E-947FF2BD5DBD}"
EndProject
Project("{9A19103F-16F7-4668-BE54-9A1E7A4F7556}") = "Core", "Core\Core.csproj", "{546D9E45-5B08-4ADF-90F3-41D09A46A57E}"
EndProject
Project("{FAE04EC0-301F-11D3-BF4B-00C04F79EFBC}") = "WebAPI", "WebAPI\WebAPI.csproj", "{6EC6A0C7-3FF6-48E5-ACE8-2BDE2FA6E69D}"
EndProject
Global
	GlobalSection(SolutionConfigurationPlatforms) = preSolution
		Debug|Any CPU = Debug|Any CPU
		Release|Any CPU = Release|Any CPU
	EndGlobalSection
	GlobalSection(ProjectConfigurationPlatforms) = postSolution
		{E86FBA7B-1587-4061-80B7-5C13592CFD9A}.Debug|Any CPU.ActiveCfg = Debug|Any CPU
		{E86FBA7B-1587-4061-80B7-5C13592CFD9A}.Debug|Any CPU.Build.0 = Debug|Any CPU
		{E86FBA7B-1587-4061-80B7-5C13592CFD9A}.Release|Any CPU.ActiveCfg = Release|Any CPU
		{E86FBA7B-1587-4061-80B7-5C13592CFD9A}.Release|Any CPU.Build.0 = Release|Any CPU
		{76DC02DC-2C98-4B8B-B837-48DEF2BF4119}.Debug|Any CPU.ActiveCfg = Debug|Any CPU
		{76DC02DC-2C98-4B8B-B837-48DEF2BF4119}.Debug|Any CPU.Build.0 = Debug|Any CPU
		{76DC02DC-2C98-4B8B-B837-48DEF2BF4119}.Release|Any CPU.ActiveCfg = Release|Any CPU
		{76DC02DC-2C98-4B8B-B837-48DEF2BF4119}.Release|Any CPU.Build.0 = Release|Any CPU
		{36FC2882-AB59-4C09-A631-4037822A81F7}.Debug|Any CPU.ActiveCfg = Debug|Any CPU
		{36FC2882-AB59-4C09-A631-4037822A81F7}.Debug|Any CPU.Build.0 = Debug|Any CPU
		{36FC2882-AB59-4C09-A631-4037822A81F7}.Release|Any CPU.ActiveCfg = Release|Any CPU
		{36FC2882-AB59-4C09-A631-4037822A81F7}.Release|Any CPU.Build.0 = Release|Any CPU
		{38D246F5-4328-45C2-9C1E-947FF2BD5DBD}.Debug|Any CPU.ActiveCfg = Debug|Any CPU
		{38D246F5-4328-45C2-9C1E-947FF2BD5DBD}.Debug|Any CPU.Build.0 = Debug|Any CPU
		{38D246F5-4328-45C2-9C1E-947FF2BD5DBD}.Release|Any CPU.ActiveCfg = Release|Any CPU
		{38D246F5-4328-45C2-9C1E-947FF2BD5DBD}.Release|Any CPU.Build.0 = Release|Any CPU
		{546D9E45-5B08-4ADF-90F3-41D09A46A57E}.Debug|Any CPU.ActiveCfg = Debug|Any CPU
		{546D9E45-5B08-4ADF-90F3-41D09A46A57E}.Debug|Any CPU.Build.0 = Debug|Any CPU
		{546D9E45-5B08-4ADF-90F3-41D09A46A57E}.Release|Any CPU.ActiveCfg = Release|Any CPU
		{546D9E45-5B08-4ADF-90F3-41D09A46A57E}.Release|Any CPU.Build.0 = Release|Any CPU
		{6EC6A0C7-3FF6-48E5-ACE8-2BDE2FA6E69D}.Debug|Any CPU.ActiveCfg = Debug|Any CPU
		{6EC6A0C7-3FF6-48E5-ACE8-2BDE2FA6E69D}.Debug|Any CPU.Build.0 = Debug|Any CPU
		{6EC6A0C7-3FF6-48E5-ACE8-2BDE2FA6E69D}.Release|Any CPU.ActiveCfg = Release|Any CPU
		{6EC6A0C7-3FF6-48E5-ACE8-2BDE2FA6E69D}.Release|Any CPU.Build.0 = Release|Any CPU
	EndGlobalSection
	GlobalSection(SolutionProperties) = preSolution
		HideSolutionNode = FALSE
	EndGlobalSection
	GlobalSection(ExtensibilityGlobals) = postSolution
		SolutionGuid = {83B4C7F3-F44A-4685-A081-3CA655E45FDB}
	EndGlobalSection
EndGlobal
